{
  "name": "memos-cloud-openclaw-plugin",
  "lockfileVersion": 3,
  "requires": true,
  "packages": {
    "": {
      "dependencies": {
        "@memtensor/memos-cloud-openclaw-plugin": "^0.1.9"
      }
    },
    "node_modules/@memtensor/memos-cloud-openclaw-plugin": {
      "version": "0.1.9",
      "resolved": "https://registry.npmjs.org/@memtensor/memos-cloud-openclaw-plugin/-/memos-cloud-openclaw-plugin-0.1.9.tgz",
      "integrity": "sha512-4Qm1HutCS6345alpWwhGZ10SMRaRkFp4WCrXkEFaGh2DjCjV/3CmY+j+t/wmHkII7fomefAKTyjXN3r57zteKQ==",
      "license": "MIT"
    }
  }
}
